
Microsoft Visual Studio Solution File, Format Version 12.00
# Visual Studio 15
VisualStudioVersion = 15.0.26124.0
MinimumVisualStudioVersion = 15.0.26124.0
Project("{2150E333-8FDC-42A3-9474-1A3956D46DE8}") = "src", "src", "{60BFE0A6-62B1-4D24-A8C2-C4A3A333D9D2}"
EndProject
Project("{FAE04EC0-301F-11D3-BF4B-00C04F79EFBC}") = "Contatos.Domain", "src\Contatos.Domain\Contatos.Domain.csproj", "{D0FE347C-1E10-4ED1-A6DC-22D84BBEEBF3}"
EndProject
Project("{FAE04EC0-301F-11D3-BF4B-00C04F79EFBC}") = "Contatos.Application", "src\Contatos.Application\Contatos.Application.csproj", "{CD5CB63D-E53C-4011-9869-1D115334B3E1}"
EndProject
Project("{FAE04EC0-301F-11D3-BF4B-00C04F79EFBC}") = "Contatos.Infra", "src\Contatos.Infra\Contatos.Infra.csproj", "{C1F04C9E-FF2C-48C9-81B1-8A7A715E6D97}"
EndProject
Project("{FAE04EC0-301F-11D3-BF4B-00C04F79EFBC}") = "Contatos.Web", "src\Contatos.Web\Contatos.Web.csproj", "{E43C0C1B-2A49-4645-977C-34FD2A3220B7}"
EndProject
Global
	GlobalSection(SolutionConfigurationPlatforms) = preSolution
		Debug|Any CPU = Debug|Any CPU
		Debug|x64 = Debug|x64
		Debug|x86 = Debug|x86
		Release|Any CPU = Release|Any CPU
		Release|x64 = Release|x64
		Release|x86 = Release|x86
	EndGlobalSection
	GlobalSection(SolutionProperties) = preSolution
		HideSolutionNode = FALSE
	EndGlobalSection
	GlobalSection(ProjectConfigurationPlatforms) = postSolution
		{D0FE347C-1E10-4ED1-A6DC-22D84BBEEBF3}.Debug|Any CPU.ActiveCfg = Debug|Any CPU
		{D0FE347C-1E10-4ED1-A6DC-22D84BBEEBF3}.Debug|Any CPU.Build.0 = Debug|Any CPU
		{D0FE347C-1E10-4ED1-A6DC-22D84BBEEBF3}.Debug|x64.ActiveCfg = Debug|Any CPU
		{D0FE347C-1E10-4ED1-A6DC-22D84BBEEBF3}.Debug|x64.Build.0 = Debug|Any CPU
		{D0FE347C-1E10-4ED1-A6DC-22D84BBEEBF3}.Debug|x86.ActiveCfg = Debug|Any CPU
		{D0FE347C-1E10-4ED1-A6DC-22D84BBEEBF3}.Debug|x86.Build.0 = Debug|Any CPU
		{D0FE347C-1E10-4ED1-A6DC-22D84BBEEBF3}.Release|Any CPU.ActiveCfg = Release|Any CPU
		{D0FE347C-1E10-4ED1-A6DC-22D84BBEEBF3}.Release|Any CPU.Build.0 = Release|Any CPU
		{D0FE347C-1E10-4ED1-A6DC-22D84BBEEBF3}.Release|x64.ActiveCfg = Release|Any CPU
		{D0FE347C-1E10-4ED1-A6DC-22D84BBEEBF3}.Release|x64.Build.0 = Release|Any CPU
		{D0FE347C-1E10-4ED1-A6DC-22D84BBEEBF3}.Release|x86.ActiveCfg = Release|Any CPU
		{D0FE347C-1E10-4ED1-A6DC-22D84BBEEBF3}.Release|x86.Build.0 = Release|Any CPU
		{CD5CB63D-E53C-4011-9869-1D115334B3E1}.Debug|Any CPU.ActiveCfg = Debug|Any CPU
		{CD5CB63D-E53C-4011-9869-1D115334B3E1}.Debug|Any CPU.Build.0 = Debug|Any CPU
		{CD5CB63D-E53C-4011-9869-1D115334B3E1}.Debug|x64.ActiveCfg = Debug|Any CPU
		{CD5CB63D-E53C-4011-9869-1D115334B3E1}.Debug|x64.Build.0 = Debug|Any CPU
		{CD5CB63D-E53C-4011-9869-1D115334B3E1}.Debug|x86.ActiveCfg = Debug|Any CPU
		{CD5CB63D-E53C-4011-9869-1D115334B3E1}.Debug|x86.Build.0 = Debug|Any CPU
		{CD5CB63D-E53C-4011-9869-1D115334B3E1}.Release|Any CPU.ActiveCfg = Release|Any CPU
		{CD5CB63D-E53C-4011-9869-1D115334B3E1}.Release|Any CPU.Build.0 = Release|Any CPU
		{CD5CB63D-E53C-4011-9869-1D115334B3E1}.Release|x64.ActiveCfg = Release|Any CPU
		{CD5CB63D-E53C-4011-9869-1D115334B3E1}.Release|x64.Build.0 = Release|Any CPU
		{CD5CB63D-E53C-4011-9869-1D115334B3E1}.Release|x86.ActiveCfg = Release|Any CPU
		{CD5CB63D-E53C-4011-9869-1D115334B3E1}.Release|x86.Build.0 = Release|Any CPU
		{C1F04C9E-FF2C-48C9-81B1-8A7A715E6D97}.Debug|Any CPU.ActiveCfg = Debug|Any CPU
		{C1F04C9E-FF2C-48C9-81B1-8A7A715E6D97}.Debug|Any CPU.Build.0 = Debug|Any CPU
		{C1F04C9E-FF2C-48C9-81B1-8A7A715E6D97}.Debug|x64.ActiveCfg = Debug|Any CPU
		{C1F04C9E-FF2C-48C9-81B1-8A7A715E6D97}.Debug|x64.Build.0 = Debug|Any CPU
		{C1F04C9E-FF2C-48C9-81B1-8A7A715E6D97}.Debug|x86.ActiveCfg = Debug|Any CPU
		{C1F04C9E-FF2C-48C9-81B1-8A7A715E6D97}.Debug|x86.Build.0 = Debug|Any CPU
		{C1F04C9E-FF2C-48C9-81B1-8A7A715E6D97}.Release|Any CPU.ActiveCfg = Release|Any CPU
		{C1F04C9E-FF2C-48C9-81B1-8A7A715E6D97}.Release|Any CPU.Build.0 = Release|Any CPU
		{C1F04C9E-FF2C-48C9-81B1-8A7A715E6D97}.Release|x64.ActiveCfg = Release|Any CPU
		{C1F04C9E-FF2C-48C9-81B1-8A7A715E6D97}.Release|x64.Build.0 = Release|Any CPU
		{C1F04C9E-FF2C-48C9-81B1-8A7A715E6D97}.Release|x86.ActiveCfg = Release|Any CPU
		{C1F04C9E-FF2C-48C9-81B1-8A7A715E6D97}.Release|x86.Build.0 = Release|Any CPU
		{E43C0C1B-2A49-4645-977C-34FD2A3220B7}.Debug|Any CPU.ActiveCfg = Debug|Any CPU
		{E43C0C1B-2A49-4645-977C-34FD2A3220B7}.Debug|Any CPU.Build.0 = Debug|Any CPU
		{E43C0C1B-2A49-4645-977C-34FD2A3220B7}.Debug|x64.ActiveCfg = Debug|Any CPU
		{E43C0C1B-2A49-4645-977C-34FD2A3220B7}.Debug|x64.Build.0 = Debug|Any CPU
		{E43C0C1B-2A49-4645-977C-34FD2A3220B7}.Debug|x86.ActiveCfg = Debug|Any CPU
		{E43C0C1B-2A49-4645-977C-34FD2A3220B7}.Debug|x86.Build.0 = Debug|Any CPU
		{E43C0C1B-2A49-4645-977C-34FD2A3220B7}.Release|Any CPU.ActiveCfg = Release|Any CPU
		{E43C0C1B-2A49-4645-977C-34FD2A3220B7}.Release|Any CPU.Build.0 = Release|Any CPU
		{E43C0C1B-2A49-4645-977C-34FD2A3220B7}.Release|x64.ActiveCfg = Release|Any CPU
		{E43C0C1B-2A49-4645-977C-34FD2A3220B7}.Release|x64.Build.0 = Release|Any CPU
		{E43C0C1B-2A49-4645-977C-34FD2A3220B7}.Release|x86.ActiveCfg = Release|Any CPU
		{E43C0C1B-2A49-4645-977C-34FD2A3220B7}.Release|x86.Build.0 = Release|Any CPU
	EndGlobalSection
	GlobalSection(NestedProjects) = preSolution
		{D0FE347C-1E10-4ED1-A6DC-22D84BBEEBF3} = {60BFE0A6-62B1-4D24-A8C2-C4A3A333D9D2}
		{CD5CB63D-E53C-4011-9869-1D115334B3E1} = {60BFE0A6-62B1-4D24-A8C2-C4A3A333D9D2}
		{C1F04C9E-FF2C-48C9-81B1-8A7A715E6D97} = {60BFE0A6-62B1-4D24-A8C2-C4A3A333D9D2}
		{E43C0C1B-2A49-4645-977C-34FD2A3220B7} = {60BFE0A6-62B1-4D24-A8C2-C4A3A333D9D2}
	EndGlobalSection
EndGlobal
