
Microsoft Visual Studio Solution File, Format Version 12.00
# Visual Studio Version 16
VisualStudioVersion = 16.0.30114.105
MinimumVisualStudioVersion = 10.0.40219.1
Project("{2150E333-8FDC-42A3-9474-1A3956D46DE8}") = "src", "src", "{116C9A80-ECF7-4040-8929-10E5D6E9A7A1}"
EndProject
Project("{FAE04EC0-301F-11D3-BF4B-00C04F79EFBC}") = "Contatos.Application", "src\Contatos.Application\Contatos.Application.csproj", "{3CF3327B-DE3F-49F6-9E5F-B373731798FD}"
EndProject
Project("{FAE04EC0-301F-11D3-BF4B-00C04F79EFBC}") = "Contatos.Infra", "src\Contatos.Infra\Contatos.Infra.csproj", "{92223FF8-4028-4793-9176-7B15F1FA6040}"
EndProject
Project("{FAE04EC0-301F-11D3-BF4B-00C04F79EFBC}") = "Contatos.Web", "src\Contatos.Web\Contatos.Web.csproj", "{D37B3CB3-E695-4098-8523-87DD0DE0C849}"
EndProject
Project("{FAE04EC0-301F-11D3-BF4B-00C04F79EFBC}") = "Contatos.Domain", "src\Contatos.Domain\Contatos.Domain.csproj", "{C4D4AD90-3920-4221-9F8E-67AF2588AB55}"
EndProject
Global
	GlobalSection(SolutionConfigurationPlatforms) = preSolution
		Debug|Any CPU = Debug|Any CPU
		Debug|x64 = Debug|x64
		Debug|x86 = Debug|x86
		Release|Any CPU = Release|Any CPU
		Release|x64 = Release|x64
		Release|x86 = Release|x86
	EndGlobalSection
	GlobalSection(SolutionProperties) = preSolution
		HideSolutionNode = FALSE
	EndGlobalSection
	GlobalSection(ProjectConfigurationPlatforms) = postSolution
		{3CF3327B-DE3F-49F6-9E5F-B373731798FD}.Debug|Any CPU.ActiveCfg = Debug|Any CPU
		{3CF3327B-DE3F-49F6-9E5F-B373731798FD}.Debug|Any CPU.Build.0 = Debug|Any CPU
		{3CF3327B-DE3F-49F6-9E5F-B373731798FD}.Debug|x64.ActiveCfg = Debug|Any CPU
		{3CF3327B-DE3F-49F6-9E5F-B373731798FD}.Debug|x64.Build.0 = Debug|Any CPU
		{3CF3327B-DE3F-49F6-9E5F-B373731798FD}.Debug|x86.ActiveCfg = Debug|Any CPU
		{3CF3327B-DE3F-49F6-9E5F-B373731798FD}.Debug|x86.Build.0 = Debug|Any CPU
		{3CF3327B-DE3F-49F6-9E5F-B373731798FD}.Release|Any CPU.ActiveCfg = Release|Any CPU
		{3CF3327B-DE3F-49F6-9E5F-B373731798FD}.Release|Any CPU.Build.0 = Release|Any CPU
		{3CF3327B-DE3F-49F6-9E5F-B373731798FD}.Release|x64.ActiveCfg = Release|Any CPU
		{3CF3327B-DE3F-49F6-9E5F-B373731798FD}.Release|x64.Build.0 = Release|Any CPU
		{3CF3327B-DE3F-49F6-9E5F-B373731798FD}.Release|x86.ActiveCfg = Release|Any CPU
		{3CF3327B-DE3F-49F6-9E5F-B373731798FD}.Release|x86.Build.0 = Release|Any CPU
		{92223FF8-4028-4793-9176-7B15F1FA6040}.Debug|Any CPU.ActiveCfg = Debug|Any CPU
		{92223FF8-4028-4793-9176-7B15F1FA6040}.Debug|Any CPU.Build.0 = Debug|Any CPU
		{92223FF8-4028-4793-9176-7B15F1FA6040}.Debug|x64.ActiveCfg = Debug|Any CPU
		{92223FF8-4028-4793-9176-7B15F1FA6040}.Debug|x64.Build.0 = Debug|Any CPU
		{92223FF8-4028-4793-9176-7B15F1FA6040}.Debug|x86.ActiveCfg = Debug|Any CPU
		{92223FF8-4028-4793-9176-7B15F1FA6040}.Debug|x86.Build.0 = Debug|Any CPU
		{92223FF8-4028-4793-9176-7B15F1FA6040}.Release|Any CPU.ActiveCfg = Release|Any CPU
		{92223FF8-4028-4793-9176-7B15F1FA6040}.Release|Any CPU.Build.0 = Release|Any CPU
		{92223FF8-4028-4793-9176-7B15F1FA6040}.Release|x64.ActiveCfg = Release|Any CPU
		{92223FF8-4028-4793-9176-7B15F1FA6040}.Release|x64.Build.0 = Release|Any CPU
		{92223FF8-4028-4793-9176-7B15F1FA6040}.Release|x86.ActiveCfg = Release|Any CPU
		{92223FF8-4028-4793-9176-7B15F1FA6040}.Release|x86.Build.0 = Release|Any CPU
		{D37B3CB3-E695-4098-8523-87DD0DE0C849}.Debug|Any CPU.ActiveCfg = Debug|Any CPU
		{D37B3CB3-E695-4098-8523-87DD0DE0C849}.Debug|Any CPU.Build.0 = Debug|Any CPU
		{D37B3CB3-E695-4098-8523-87DD0DE0C849}.Debug|x64.ActiveCfg = Debug|Any CPU
		{D37B3CB3-E695-4098-8523-87DD0DE0C849}.Debug|x64.Build.0 = Debug|Any CPU
		{D37B3CB3-E695-4098-8523-87DD0DE0C849}.Debug|x86.ActiveCfg = Debug|Any CPU
		{D37B3CB3-E695-4098-8523-87DD0DE0C849}.Debug|x86.Build.0 = Debug|Any CPU
		{D37B3CB3-E695-4098-8523-87DD0DE0C849}.Release|Any CPU.ActiveCfg = Release|Any CPU
		{D37B3CB3-E695-4098-8523-87DD0DE0C849}.Release|Any CPU.Build.0 = Release|Any CPU
		{D37B3CB3-E695-4098-8523-87DD0DE0C849}.Release|x64.ActiveCfg = Release|Any CPU
		{D37B3CB3-E695-4098-8523-87DD0DE0C849}.Release|x64.Build.0 = Release|Any CPU
		{D37B3CB3-E695-4098-8523-87DD0DE0C849}.Release|x86.ActiveCfg = Release|Any CPU
		{D37B3CB3-E695-4098-8523-87DD0DE0C849}.Release|x86.Build.0 = Release|Any CPU
		{19BB506A-8E7F-4EB4-9953-66FDAB61968D}.Debug|Any CPU.ActiveCfg = Debug|Any CPU
		{19BB506A-8E7F-4EB4-9953-66FDAB61968D}.Debug|Any CPU.Build.0 = Debug|Any CPU
		{19BB506A-8E7F-4EB4-9953-66FDAB61968D}.Debug|x64.ActiveCfg = Debug|Any CPU
		{19BB506A-8E7F-4EB4-9953-66FDAB61968D}.Debug|x64.Build.0 = Debug|Any CPU
		{19BB506A-8E7F-4EB4-9953-66FDAB61968D}.Debug|x86.ActiveCfg = Debug|Any CPU
		{19BB506A-8E7F-4EB4-9953-66FDAB61968D}.Debug|x86.Build.0 = Debug|Any CPU
		{19BB506A-8E7F-4EB4-9953-66FDAB61968D}.Release|Any CPU.ActiveCfg = Release|Any CPU
		{19BB506A-8E7F-4EB4-9953-66FDAB61968D}.Release|Any CPU.Build.0 = Release|Any CPU
		{19BB506A-8E7F-4EB4-9953-66FDAB61968D}.Release|x64.ActiveCfg = Release|Any CPU
		{19BB506A-8E7F-4EB4-9953-66FDAB61968D}.Release|x64.Build.0 = Release|Any CPU
		{19BB506A-8E7F-4EB4-9953-66FDAB61968D}.Release|x86.ActiveCfg = Release|Any CPU
		{19BB506A-8E7F-4EB4-9953-66FDAB61968D}.Release|x86.Build.0 = Release|Any CPU
		{C4D4AD90-3920-4221-9F8E-67AF2588AB55}.Debug|Any CPU.ActiveCfg = Debug|Any CPU
		{C4D4AD90-3920-4221-9F8E-67AF2588AB55}.Debug|Any CPU.Build.0 = Debug|Any CPU
		{C4D4AD90-3920-4221-9F8E-67AF2588AB55}.Debug|x64.ActiveCfg = Debug|Any CPU
		{C4D4AD90-3920-4221-9F8E-67AF2588AB55}.Debug|x64.Build.0 = Debug|Any CPU
		{C4D4AD90-3920-4221-9F8E-67AF2588AB55}.Debug|x86.ActiveCfg = Debug|Any CPU
		{C4D4AD90-3920-4221-9F8E-67AF2588AB55}.Debug|x86.Build.0 = Debug|Any CPU
		{C4D4AD90-3920-4221-9F8E-67AF2588AB55}.Release|Any CPU.ActiveCfg = Release|Any CPU
		{C4D4AD90-3920-4221-9F8E-67AF2588AB55}.Release|Any CPU.Build.0 = Release|Any CPU
		{C4D4AD90-3920-4221-9F8E-67AF2588AB55}.Release|x64.ActiveCfg = Release|Any CPU
		{C4D4AD90-3920-4221-9F8E-67AF2588AB55}.Release|x64.Build.0 = Release|Any CPU
		{C4D4AD90-3920-4221-9F8E-67AF2588AB55}.Release|x86.ActiveCfg = Release|Any CPU
		{C4D4AD90-3920-4221-9F8E-67AF2588AB55}.Release|x86.Build.0 = Release|Any CPU
	EndGlobalSection
	GlobalSection(NestedProjects) = preSolution
		{3CF3327B-DE3F-49F6-9E5F-B373731798FD} = {116C9A80-ECF7-4040-8929-10E5D6E9A7A1}
		{92223FF8-4028-4793-9176-7B15F1FA6040} = {116C9A80-ECF7-4040-8929-10E5D6E9A7A1}
		{D37B3CB3-E695-4098-8523-87DD0DE0C849} = {116C9A80-ECF7-4040-8929-10E5D6E9A7A1}
		{19BB506A-8E7F-4EB4-9953-66FDAB61968D} = {116C9A80-ECF7-4040-8929-10E5D6E9A7A1}
		{C4D4AD90-3920-4221-9F8E-67AF2588AB55} = {116C9A80-ECF7-4040-8929-10E5D6E9A7A1}
	EndGlobalSection
EndGlobal
